{
  "nodes": {
    "fenix": {
      "inputs": {
        "nixpkgs": [
          "nixpkgs"
        ],
        "rust-analyzer-src": "rust-analyzer-src"
      },
      "locked": {
        "lastModified": 1654756015,
        "narHash": "sha256-yTDkAPSUjcy8ADa6U9gP7IAVaZpEvtQt+BGHQ0v4KMA=",
        "ref": "main",
        "rev": "fcf7d9029dab1c4a13aaee009feba7658f415add",
        "revCount": 1062,
        "type": "git",
        "url": "https://github.com/nix-community/fenix.git"
      },
      "original": {
        "ref": "main",
        "type": "git",
        "url": "https://github.com/nix-community/fenix.git"
      }
    },
    "naersk": {
      "inputs": {
        "nixpkgs": [
          "nixpkgs"
        ]
      },
      "locked": {
        "lastModified": 1654608517,
        "narHash": "sha256-KIxHjDDJYhoiLanLjpeAk5AuZsfip8M62JhkuloEGb0=",
        "ref": "master",
        "rev": "14997a79cd78fe34ad6390f18a327ee0593e5eec",
        "revCount": 300,
        "type": "git",
        "url": "https://github.com/nix-community/naersk.git"
      },
      "original": {
        "type": "git",
        "url": "https://github.com/nix-community/naersk.git"
      }
    },
    "nixpkgs": {
      "locked": {
        "lastModified": 0,
        "narHash": "sha256-Uvka0V5MTGbeOfWte25+tfRL3moECDh1VwokWSZUdoY=",
        "path": "/nix/store/ny7x54058ki7k1d3ny0jx5h6kw926mxv-source",
        "type": "path"
      },
      "original": {
        "id": "nixpkgs",
        "type": "indirect"
      }
    },
    "root": {
      "inputs": {
        "fenix": "fenix",
        "naersk": "naersk",
        "nixpkgs": "nixpkgs",
        "utils": "utils"
      }
    },
    "rust-analyzer-src": {
      "flake": false,
      "locked": {
        "lastModified": 1654700117,
        "narHash": "sha256-x3rF4IMwZUYnwF3JUnJvtIJmixrYkrl74K9EjhJMSr8=",
        "owner": "rust-lang",
        "repo": "rust-analyzer",
        "rev": "79a4a464b07d626de17bd4b5f2382b5634644f7d",
        "type": "github"
      },
      "original": {
        "owner": "rust-lang",
        "ref": "nightly",
        "repo": "rust-analyzer",
        "type": "github"
      }
    },
    "utils": {
      "locked": {
        "lastModified": 1653893745,
        "narHash": "sha256-0jntwV3Z8//YwuOjzhV2sgJJPt+HY6KhU7VZUL0fKZQ=",
        "ref": "master",
        "rev": "1ed9fb1935d260de5fe1c2f7ee0ebaae17ed2fa1",
        "revCount": 58,
        "type": "git",
        "url": "https://github.com/numtide/flake-utils.git"
      },
      "original": {
        "type": "git",
        "url": "https://github.com/numtide/flake-utils.git"
      }
    }
  },
  "root": "root",
  "version": 7
}
