{
  "nodes": {
    "flake-utils": {
      "locked": {
        "lastModified": 1614513358,
        "narHash": "sha256-LakhOx3S1dRjnh0b5Dg3mbZyH0ToC9I8Y2wKSkBaTzU=",
        "owner": "numtide",
        "repo": "flake-utils",
        "rev": "5466c5bbece17adaab2d82fae80b46e807611bf3",
        "type": "github"
      },
      "original": {
        "owner": "numtide",
        "repo": "flake-utils",
        "type": "github"
      }
    },
    "naersk": {
      "inputs": {
        "nixpkgs": "nixpkgs"
      },
      "locked": {
        "lastModified": 1618068541,
        "narHash": "sha256-enxg0QB53Zis0VJWfJsrX7zCjurpi7lW78EKXbJdzpQ=",
        "owner": "nmattia",
        "repo": "naersk",
        "rev": "b3b099d669fc8b18d361c249091c9fe95d57ebbb",
        "type": "github"
      },
      "original": {
        "owner": "nmattia",
        "repo": "naersk",
        "type": "github"
      }
    },
    "nixpkgs": {
      "locked": {
        "lastModified": 1618561750,
        "narHash": "sha256-AQIkvh+CQMCZWyKMDP1MalYbk38HWmfeUtjmmH1IFoU=",
        "owner": "NixOS",
        "repo": "nixpkgs",
        "rev": "98d6b081d12ebe7e443e62c40ebaeeddbe5bb9fc",
        "type": "github"
      },
      "original": {
        "id": "nixpkgs",
        "type": "indirect"
      }
    },
    "nixpkgs_2": {
      "locked": {
        "lastModified": 1618561750,
        "narHash": "sha256-AQIkvh+CQMCZWyKMDP1MalYbk38HWmfeUtjmmH1IFoU=",
        "owner": "NixOS",
        "repo": "nixpkgs",
        "rev": "98d6b081d12ebe7e443e62c40ebaeeddbe5bb9fc",
        "type": "github"
      },
      "original": {
        "id": "nixpkgs",
        "type": "indirect"
      }
    },
    "nixpkgs_3": {
      "locked": {
        "lastModified": 1617325113,
        "narHash": "sha256-GksR0nvGxfZ79T91UUtWjjccxazv6Yh/MvEJ82v1Xmw=",
        "owner": "nixos",
        "repo": "nixpkgs",
        "rev": "54c1e44240d8a527a8f4892608c4bce5440c3ecb",
        "type": "github"
      },
      "original": {
        "owner": "NixOS",
        "repo": "nixpkgs",
        "type": "github"
      }
    },
    "root": {
      "inputs": {
        "naersk": "naersk",
        "nixpkgs": "nixpkgs_2",
        "rust-overlay": "rust-overlay",
        "utils": "utils"
      }
    },
    "rust-overlay": {
      "inputs": {
        "flake-utils": "flake-utils",
        "nixpkgs": "nixpkgs_3"
      },
      "locked": {
        "lastModified": 1621477702,
        "narHash": "sha256-KIDIRbxtX49SBigJHYZT1hMB2xrkDpuhpbPgoeylfew=",
        "owner": "oxalica",
        "repo": "rust-overlay",
        "rev": "4d5d8e4288a8e0efd074e56a448e450b0f8df975",
        "type": "github"
      },
      "original": {
        "owner": "oxalica",
        "repo": "rust-overlay",
        "type": "github"
      }
    },
    "utils": {
      "locked": {
        "lastModified": 1618217525,
        "narHash": "sha256-WGrhVczjXTiswQaoxQ+0PTfbLNeOQM6M36zvLn78AYg=",
        "owner": "numtide",
        "repo": "flake-utils",
        "rev": "c6169a2772643c4a93a0b5ac1c61e296cba68544",
        "type": "github"
      },
      "original": {
        "owner": "numtide",
        "repo": "flake-utils",
        "type": "github"
      }
    }
  },
  "root": "root",
  "version": 7
}
