{
  "nodes": {
    "fenix": {
      "inputs": {
        "nixpkgs": [
          "nixpkgs"
        ],
        "rust-analyzer-src": "rust-analyzer-src"
      },
      "locked": {
        "lastModified": 1669616799,
        "narHash": "sha256-cTe0E41+4h3LS7NtYd+LdE2ngvIBZ5VIQflT4qu+z9I=",
        "ref": "main",
        "rev": "864fe18d688b0c8c0730bb179b6686eac951f613",
        "revCount": 1269,
        "type": "git",
        "url": "https://github.com/nix-community/fenix.git"
      },
      "original": {
        "ref": "main",
        "type": "git",
        "url": "https://github.com/nix-community/fenix.git"
      }
    },
    "naersk": {
      "inputs": {
        "nixpkgs": [
          "nixpkgs"
        ]
      },
      "locked": {
        "lastModified": 1662220400,
        "narHash": "sha256-9o2OGQqu4xyLZP9K6kNe1pTHnyPz0Wr3raGYnr9AIgY=",
        "ref": "refs/heads/master",
        "rev": "6944160c19cb591eb85bbf9b2f2768a935623ed3",
        "revCount": 305,
        "type": "git",
        "url": "https://github.com/nix-community/naersk.git"
      },
      "original": {
        "type": "git",
        "url": "https://github.com/nix-community/naersk.git"
      }
    },
    "nixpkgs": {
      "locked": {
        "lastModified": 1669289248,
        "narHash": "sha256-+ErmUe0ph4nJL2C+xwuIt2TR95fvGDy64jEtism5wps=",
        "path": "/nix/store/fiapm3lr62f4fyyxhy45qzcz8flxcvf0-source",
        "rev": "73463c394af9fed20f3ce8cd491bf7c8271d20d8",
        "type": "path"
      },
      "original": {
        "id": "nixpkgs",
        "type": "indirect"
      }
    },
    "root": {
      "inputs": {
        "fenix": "fenix",
        "naersk": "naersk",
        "nixpkgs": "nixpkgs",
        "utils": "utils"
      }
    },
    "rust-analyzer-src": {
      "flake": false,
      "locked": {
        "lastModified": 1669551522,
        "narHash": "sha256-ScH3I2/5+tCN23U8mUUj/HoZXDF11fo1z93X9imAfOo=",
        "owner": "rust-lang",
        "repo": "rust-analyzer",
        "rev": "6d61be8e65ac0fd45eaf178e1f7a1ec6b582de1f",
        "type": "github"
      },
      "original": {
        "owner": "rust-lang",
        "ref": "nightly",
        "repo": "rust-analyzer",
        "type": "github"
      }
    },
    "utils": {
      "locked": {
        "lastModified": 1667395993,
        "narHash": "sha256-nuEHfE/LcWyuSWnS8t12N1wc105Qtau+/OdUAjtQ0rA=",
        "ref": "refs/heads/master",
        "rev": "5aed5285a952e0b949eb3ba02c12fa4fcfef535f",
        "revCount": 66,
        "type": "git",
        "url": "https://github.com/numtide/flake-utils.git"
      },
      "original": {
        "type": "git",
        "url": "https://github.com/numtide/flake-utils.git"
      }
    }
  },
  "root": "root",
  "version": 7
}
